{
  "object": {
    "pins": [
      {
        "package": "swift-argument-parser",
        "repositoryURL": "git@github.com:apple/swift-argument-parser.git",
        "state": {
          "branch": null,
          "revision": "831ed5e860a70e745bc1337830af4786b2576881",
          "version": "0.4.1"
        }
      }
    ]
  },
  "version": 1
}
