// !$*UTF8*$!
{
	archiveVersion = 1;
	classes = {
	};
	objectVersion = 52;
	objects = {

/* Begin PBXBuildFile section */
		120B0A1E26285CE70066F2C2 /* GeneratedTweakAccessor+ConstantsContent in Resources */ = {isa = PBXBuildFile; fileRef = 120B0A1D26285CE70066F2C2 /* GeneratedTweakAccessor+ConstantsContent */; };
		12273D1B2625D6BE00732559 /* main.swift in Sources */ = {isa = PBXBuildFile; fileRef = 12273D1A2625D6BE00732559 /* main.swift */; };
		12273D382625E45F00732559 /* ArgumentParser in Frameworks */ = {isa = PBXBuildFile; productRef = 12273D372625E45F00732559 /* ArgumentParser */; };
		12BE964D2626FA5000C1B6C3 /* TweakAccessorCodeGeneratorTests.swift in Sources */ = {isa = PBXBuildFile; fileRef = 12BE964C2626FA5000C1B6C3 /* TweakAccessorCodeGeneratorTests.swift */; };
		12BE987A2627243D00C1B6C3 /* Tweaks.json in Resources */ = {isa = PBXBuildFile; fileRef = 12BE98792627243D00C1B6C3 /* Tweaks.json */; };
		4F3F85E426400B6D00A7B8B8 /* GeneratedTweakAccessorContent in Resources */ = {isa = PBXBuildFile; fileRef = 4F3F85E226400B6D00A7B8B8 /* GeneratedTweakAccessorContent */; };
		4F65E88B2629CF8C009E8C3B /* ValidTweaks_TopPriority.json in Resources */ = {isa = PBXBuildFile; fileRef = 4F65E8892629CF8C009E8C3B /* ValidTweaks_TopPriority.json */; };
		4F65E88C2629CF8C009E8C3B /* ValidTweaks_LowPriority.json in Resources */ = {isa = PBXBuildFile; fileRef = 4F65E88A2629CF8C009E8C3B /* ValidTweaks_LowPriority.json */; };
		4F7750762627338700A0A3F5 /* TweakValue.swift in Sources */ = {isa = PBXBuildFile; fileRef = 4F7750732627338700A0A3F5 /* TweakValue.swift */; };
		4F7750772627338700A0A3F5 /* TweakValue.swift in Sources */ = {isa = PBXBuildFile; fileRef = 4F7750732627338700A0A3F5 /* TweakValue.swift */; };
		4F7750782627338700A0A3F5 /* TweakLoader.swift in Sources */ = {isa = PBXBuildFile; fileRef = 4F7750742627338700A0A3F5 /* TweakLoader.swift */; };
		4F7750792627338700A0A3F5 /* TweakLoader.swift in Sources */ = {isa = PBXBuildFile; fileRef = 4F7750742627338700A0A3F5 /* TweakLoader.swift */; };
		4F77507A2627338700A0A3F5 /* TweakAccessorCodeGenerator.swift in Sources */ = {isa = PBXBuildFile; fileRef = 4F7750752627338700A0A3F5 /* TweakAccessorCodeGenerator.swift */; };
		4F77507B2627338700A0A3F5 /* TweakAccessorCodeGenerator.swift in Sources */ = {isa = PBXBuildFile; fileRef = 4F7750752627338700A0A3F5 /* TweakAccessorCodeGenerator.swift */; };
		4F7750862627338E00A0A3F5 /* NSNumber+ValueTypes.swift in Sources */ = {isa = PBXBuildFile; fileRef = 4F7750812627338E00A0A3F5 /* NSNumber+ValueTypes.swift */; };
		4F7750872627338E00A0A3F5 /* NSNumber+ValueTypes.swift in Sources */ = {isa = PBXBuildFile; fileRef = 4F7750812627338E00A0A3F5 /* NSNumber+ValueTypes.swift */; };
		4F7750882627338E00A0A3F5 /* String+Casing.swift in Sources */ = {isa = PBXBuildFile; fileRef = 4F7750822627338E00A0A3F5 /* String+Casing.swift */; };
		4F7750892627338E00A0A3F5 /* String+Casing.swift in Sources */ = {isa = PBXBuildFile; fileRef = 4F7750822627338E00A0A3F5 /* String+Casing.swift */; };
		4F775097262751EE00A0A3F5 /* Models.swift in Sources */ = {isa = PBXBuildFile; fileRef = 4F775096262751EE00A0A3F5 /* Models.swift */; };
		4F775098262751EE00A0A3F5 /* Models.swift in Sources */ = {isa = PBXBuildFile; fileRef = 4F775096262751EE00A0A3F5 /* Models.swift */; };
		4F77509C262751FD00A0A3F5 /* Types.swift in Sources */ = {isa = PBXBuildFile; fileRef = 4F77509B262751FD00A0A3F5 /* Types.swift */; };
		4F77509D262751FD00A0A3F5 /* Types.swift in Sources */ = {isa = PBXBuildFile; fileRef = 4F77509B262751FD00A0A3F5 /* Types.swift */; };
		4F7750AA2627603A00A0A3F5 /* NSNumber+ValueTypesTests.swift in Sources */ = {isa = PBXBuildFile; fileRef = 4F7750A92627603A00A0A3F5 /* NSNumber+ValueTypesTests.swift */; };
		4F7750B32627626100A0A3F5 /* String+CasingTests.swift in Sources */ = {isa = PBXBuildFile; fileRef = 4F7750B22627626100A0A3F5 /* String+CasingTests.swift */; };
		4F7750B9262764C600A0A3F5 /* TweakLoaderTests.swift in Sources */ = {isa = PBXBuildFile; fileRef = 4F7750B8262764C600A0A3F5 /* TweakLoaderTests.swift */; };
		4F7750C126277B6300A0A3F5 /* InvalidTweaks_MissingValues.json in Resources */ = {isa = PBXBuildFile; fileRef = 4F7750C026277B6300A0A3F5 /* InvalidTweaks_MissingValues.json */; };
		4F86DC6E26CBE01400DEC81C /* UnitTests.xctestplan in Resources */ = {isa = PBXBuildFile; fileRef = 4F86DC6D26CBE01400DEC81C /* UnitTests.xctestplan */; };
		4FD526F826283EBB000F6780 /* InvalidTweaks_DuplicateGeneratedPropertyName.json in Resources */ = {isa = PBXBuildFile; fileRef = 4FD526F726283EBB000F6780 /* InvalidTweaks_DuplicateGeneratedPropertyName.json */; };
		4FD526FE26283F91000F6780 /* InvalidTweaks_InvalidJSON.json in Resources */ = {isa = PBXBuildFile; fileRef = 4FD526FD26283F91000F6780 /* InvalidTweaks_InvalidJSON.json */; };
		4FD52706262841C7000F6780 /* Array+Duplicates.swift in Sources */ = {isa = PBXBuildFile; fileRef = 4FD52705262841C7000F6780 /* Array+Duplicates.swift */; };
		4FD5270C262842B3000F6780 /* Array+DuplicatesTests.swift in Sources */ = {isa = PBXBuildFile; fileRef = 4FD5270B262842B3000F6780 /* Array+DuplicatesTests.swift */; };
		4FD52711262843B6000F6780 /* Array+Duplicates.swift in Sources */ = {isa = PBXBuildFile; fileRef = 4FD52705262841C7000F6780 /* Array+Duplicates.swift */; };
/* End PBXBuildFile section */

/* Begin PBXCopyFilesBuildPhase section */
		12273D152625D6BE00732559 /* CopyFiles */ = {
			isa = PBXCopyFilesBuildPhase;
			buildActionMask = 2147483647;
			dstPath = /usr/share/man/man1/;
			dstSubfolderSpec = 0;
			files = (
			);
			runOnlyForDeploymentPostprocessing = 1;
		};
/* End PBXCopyFilesBuildPhase section */

/* Begin PBXFileReference section */
		120B0A1D26285CE70066F2C2 /* GeneratedTweakAccessor+ConstantsContent */ = {isa = PBXFileReference; fileEncoding = 4; lastKnownFileType = text; path = "GeneratedTweakAccessor+ConstantsContent"; sourceTree = "<group>"; };
		12273D172625D6BE00732559 /* TweakAccessorGenerator */ = {isa = PBXFileReference; explicitFileType = "compiled.mach-o.executable"; includeInIndex = 0; path = TweakAccessorGenerator; sourceTree = BUILT_PRODUCTS_DIR; };
		12273D1A2625D6BE00732559 /* main.swift */ = {isa = PBXFileReference; lastKnownFileType = sourcecode.swift; path = main.swift; sourceTree = "<group>"; };
		12BE964A2626FA5000C1B6C3 /* TweakAccessorGeneratorTests.xctest */ = {isa = PBXFileReference; explicitFileType = wrapper.cfbundle; includeInIndex = 0; path = TweakAccessorGeneratorTests.xctest; sourceTree = BUILT_PRODUCTS_DIR; };
		12BE964C2626FA5000C1B6C3 /* TweakAccessorCodeGeneratorTests.swift */ = {isa = PBXFileReference; lastKnownFileType = sourcecode.swift; path = TweakAccessorCodeGeneratorTests.swift; sourceTree = "<group>"; };
		12BE964E2626FA5000C1B6C3 /* Info.plist */ = {isa = PBXFileReference; lastKnownFileType = text.plist.xml; path = Info.plist; sourceTree = "<group>"; };
		12BE98792627243D00C1B6C3 /* Tweaks.json */ = {isa = PBXFileReference; fileEncoding = 4; lastKnownFileType = text.json; path = Tweaks.json; sourceTree = "<group>"; };
		4F3F85E226400B6D00A7B8B8 /* GeneratedTweakAccessorContent */ = {isa = PBXFileReference; fileEncoding = 4; lastKnownFileType = text; path = GeneratedTweakAccessorContent; sourceTree = "<group>"; };
		4F5B54B0263413BE00513C18 /* config.json */ = {isa = PBXFileReference; fileEncoding = 4; lastKnownFileType = text.json; path = config.json; sourceTree = "<group>"; };
		4F5B54B3263413BE00513C18 /* config.json */ = {isa = PBXFileReference; fileEncoding = 4; lastKnownFileType = text.json; path = config.json; sourceTree = "<group>"; };
		4F65E8892629CF8C009E8C3B /* ValidTweaks_TopPriority.json */ = {isa = PBXFileReference; fileEncoding = 4; lastKnownFileType = text.json; path = ValidTweaks_TopPriority.json; sourceTree = "<group>"; };
		4F65E88A2629CF8C009E8C3B /* ValidTweaks_LowPriority.json */ = {isa = PBXFileReference; fileEncoding = 4; lastKnownFileType = text.json; path = ValidTweaks_LowPriority.json; sourceTree = "<group>"; };
		4F7750732627338700A0A3F5 /* TweakValue.swift */ = {isa = PBXFileReference; fileEncoding = 4; lastKnownFileType = sourcecode.swift; path = TweakValue.swift; sourceTree = "<group>"; };
		4F7750742627338700A0A3F5 /* TweakLoader.swift */ = {isa = PBXFileReference; fileEncoding = 4; lastKnownFileType = sourcecode.swift; path = TweakLoader.swift; sourceTree = "<group>"; };
		4F7750752627338700A0A3F5 /* TweakAccessorCodeGenerator.swift */ = {isa = PBXFileReference; fileEncoding = 4; lastKnownFileType = sourcecode.swift; path = TweakAccessorCodeGenerator.swift; sourceTree = "<group>"; };
		4F7750812627338E00A0A3F5 /* NSNumber+ValueTypes.swift */ = {isa = PBXFileReference; fileEncoding = 4; lastKnownFileType = sourcecode.swift; path = "NSNumber+ValueTypes.swift"; sourceTree = "<group>"; };
		4F7750822627338E00A0A3F5 /* String+Casing.swift */ = {isa = PBXFileReference; fileEncoding = 4; lastKnownFileType = sourcecode.swift; path = "String+Casing.swift"; sourceTree = "<group>"; };
		4F775096262751EE00A0A3F5 /* Models.swift */ = {isa = PBXFileReference; lastKnownFileType = sourcecode.swift; path = Models.swift; sourceTree = "<group>"; };
		4F77509B262751FD00A0A3F5 /* Types.swift */ = {isa = PBXFileReference; lastKnownFileType = sourcecode.swift; path = Types.swift; sourceTree = "<group>"; };
		4F7750A92627603A00A0A3F5 /* NSNumber+ValueTypesTests.swift */ = {isa = PBXFileReference; lastKnownFileType = sourcecode.swift; path = "NSNumber+ValueTypesTests.swift"; sourceTree = "<group>"; };
		4F7750B22627626100A0A3F5 /* String+CasingTests.swift */ = {isa = PBXFileReference; lastKnownFileType = sourcecode.swift; path = "String+CasingTests.swift"; sourceTree = "<group>"; };
		4F7750B8262764C600A0A3F5 /* TweakLoaderTests.swift */ = {isa = PBXFileReference; lastKnownFileType = sourcecode.swift; path = TweakLoaderTests.swift; sourceTree = "<group>"; };
		4F7750C026277B6300A0A3F5 /* InvalidTweaks_MissingValues.json */ = {isa = PBXFileReference; fileEncoding = 4; lastKnownFileType = text.json; path = InvalidTweaks_MissingValues.json; sourceTree = "<group>"; };
		4F86DC6D26CBE01400DEC81C /* UnitTests.xctestplan */ = {isa = PBXFileReference; fileEncoding = 4; lastKnownFileType = text; path = UnitTests.xctestplan; sourceTree = "<group>"; };
		4FD526F726283EBB000F6780 /* InvalidTweaks_DuplicateGeneratedPropertyName.json */ = {isa = PBXFileReference; fileEncoding = 4; lastKnownFileType = text.json; path = InvalidTweaks_DuplicateGeneratedPropertyName.json; sourceTree = "<group>"; };
		4FD526FD26283F91000F6780 /* InvalidTweaks_InvalidJSON.json */ = {isa = PBXFileReference; fileEncoding = 4; lastKnownFileType = text.json; path = InvalidTweaks_InvalidJSON.json; sourceTree = "<group>"; };
		4FD52705262841C7000F6780 /* Array+Duplicates.swift */ = {isa = PBXFileReference; lastKnownFileType = sourcecode.swift; path = "Array+Duplicates.swift"; sourceTree = "<group>"; };
		4FD5270B262842B3000F6780 /* Array+DuplicatesTests.swift */ = {isa = PBXFileReference; lastKnownFileType = sourcecode.swift; path = "Array+DuplicatesTests.swift"; sourceTree = "<group>"; };
/* End PBXFileReference section */

/* Begin PBXFrameworksBuildPhase section */
		12273D142625D6BE00732559 /* Frameworks */ = {
			isa = PBXFrameworksBuildPhase;
			buildActionMask = 2147483647;
			files = (
				12273D382625E45F00732559 /* ArgumentParser in Frameworks */,
			);
			runOnlyForDeploymentPostprocessing = 0;
		};
		12BE96472626FA5000C1B6C3 /* Frameworks */ = {
			isa = PBXFrameworksBuildPhase;
			buildActionMask = 2147483647;
			files = (
			);
			runOnlyForDeploymentPostprocessing = 0;
		};
/* End PBXFrameworksBuildPhase section */

/* Begin PBXGroup section */
		12273D0E2625D6BE00732559 = {
			isa = PBXGroup;
			children = (
				12273D192625D6BE00732559 /* TweakAccessorGenerator */,
				12BE964B2626FA5000C1B6C3 /* TweakAccessorGeneratorTests */,
				12273D182625D6BE00732559 /* Products */,
			);
			sourceTree = "<group>";
		};
		12273D182625D6BE00732559 /* Products */ = {
			isa = PBXGroup;
			children = (
				12273D172625D6BE00732559 /* TweakAccessorGenerator */,
				12BE964A2626FA5000C1B6C3 /* TweakAccessorGeneratorTests.xctest */,
			);
			name = Products;
			sourceTree = "<group>";
		};
		12273D192625D6BE00732559 /* TweakAccessorGenerator */ = {
			isa = PBXGroup;
			children = (
				4FD5296A26288707000F6780 /* Assets */,
				4F775035262718DE00A0A3F5 /* Core */,
				4F775034262718D600A0A3F5 /* Extensions */,
				12273D1A2625D6BE00732559 /* main.swift */,
			);
			path = TweakAccessorGenerator;
			sourceTree = "<group>";
		};
		12BE964B2626FA5000C1B6C3 /* TweakAccessorGeneratorTests */ = {
			isa = PBXGroup;
			children = (
				4F86DC6D26CBE01400DEC81C /* UnitTests.xctestplan */,
				4F7750AF2627603E00A0A3F5 /* Suites */,
				4F7750A82627602200A0A3F5 /* Assets */,
				12BE964E2626FA5000C1B6C3 /* Info.plist */,
			);
			path = TweakAccessorGeneratorTests;
			sourceTree = "<group>";
		};
		4F5B54AE263413BE00513C18 /* TestConfiguration2 */ = {
			isa = PBXGroup;
			children = (
				4F5B54B0263413BE00513C18 /* config.json */,
			);
			path = TestConfiguration2;
			sourceTree = "<group>";
		};
		4F5B54B2263413BE00513C18 /* TestConfiguration1 */ = {
			isa = PBXGroup;
			children = (
				4F5B54B3263413BE00513C18 /* config.json */,
			);
			path = TestConfiguration1;
			sourceTree = "<group>";
		};
		4F775034262718D600A0A3F5 /* Extensions */ = {
			isa = PBXGroup;
			children = (
				4FD52705262841C7000F6780 /* Array+Duplicates.swift */,
				4F7750812627338E00A0A3F5 /* NSNumber+ValueTypes.swift */,
				4F7750822627338E00A0A3F5 /* String+Casing.swift */,
			);
			path = Extensions;
			sourceTree = "<group>";
		};
		4F775035262718DE00A0A3F5 /* Core */ = {
			isa = PBXGroup;
			children = (
				4F7750752627338700A0A3F5 /* TweakAccessorCodeGenerator.swift */,
				4F7750742627338700A0A3F5 /* TweakLoader.swift */,
				4F775096262751EE00A0A3F5 /* Models.swift */,
				4F77509B262751FD00A0A3F5 /* Types.swift */,
				4F7750732627338700A0A3F5 /* TweakValue.swift */,
			);
			path = Core;
			sourceTree = "<group>";
		};
		4F7750A82627602200A0A3F5 /* Assets */ = {
			isa = PBXGroup;
			children = (
				4FD526F726283EBB000F6780 /* InvalidTweaks_DuplicateGeneratedPropertyName.json */,
				4FD526FD26283F91000F6780 /* InvalidTweaks_InvalidJSON.json */,
				4F7750C026277B6300A0A3F5 /* InvalidTweaks_MissingValues.json */,
				12BE98792627243D00C1B6C3 /* Tweaks.json */,
				4F65E88A2629CF8C009E8C3B /* ValidTweaks_LowPriority.json */,
				4F65E8892629CF8C009E8C3B /* ValidTweaks_TopPriority.json */,
				120B0A1D26285CE70066F2C2 /* GeneratedTweakAccessor+ConstantsContent */,
				4F3F85E226400B6D00A7B8B8 /* GeneratedTweakAccessorContent */,
			);
			path = Assets;
			sourceTree = "<group>";
		};
		4F7750AF2627603E00A0A3F5 /* Suites */ = {
			isa = PBXGroup;
			children = (
				4FD5270B262842B3000F6780 /* Array+DuplicatesTests.swift */,
				4F7750B8262764C600A0A3F5 /* TweakLoaderTests.swift */,
				4F7750A92627603A00A0A3F5 /* NSNumber+ValueTypesTests.swift */,
				4F7750B22627626100A0A3F5 /* String+CasingTests.swift */,
				12BE964C2626FA5000C1B6C3 /* TweakAccessorCodeGeneratorTests.swift */,
			);
			path = Suites;
			sourceTree = "<group>";
		};
		4FD5296A26288707000F6780 /* Assets */ = {
			isa = PBXGroup;
			children = (
				4F5B54B2263413BE00513C18 /* TestConfiguration1 */,
				4F5B54AE263413BE00513C18 /* TestConfiguration2 */,
			);
			path = Assets;
			sourceTree = "<group>";
		};
/* End PBXGroup section */

/* Begin PBXNativeTarget section */
		12273D162625D6BE00732559 /* TweakAccessorGenerator */ = {
			isa = PBXNativeTarget;
			buildConfigurationList = 12273D1E2625D6BE00732559 /* Build configuration list for PBXNativeTarget "TweakAccessorGenerator" */;
			buildPhases = (
				12273D132625D6BE00732559 /* Sources */,
				12273D142625D6BE00732559 /* Frameworks */,
				12273D152625D6BE00732559 /* CopyFiles */,
			);
			buildRules = (
			);
			dependencies = (
			);
			name = TweakAccessorGenerator;
			packageProductDependencies = (
				12273D372625E45F00732559 /* ArgumentParser */,
			);
			productName = TweakAccessorGenerator;
			productReference = 12273D172625D6BE00732559 /* TweakAccessorGenerator */;
			productType = "com.apple.product-type.tool";
		};
		12BE96492626FA5000C1B6C3 /* TweakAccessorGeneratorTests */ = {
			isa = PBXNativeTarget;
			buildConfigurationList = 12BE96512626FA5000C1B6C3 /* Build configuration list for PBXNativeTarget "TweakAccessorGeneratorTests" */;
			buildPhases = (
				12BE96462626FA5000C1B6C3 /* Sources */,
				12BE96472626FA5000C1B6C3 /* Frameworks */,
				12BE96482626FA5000C1B6C3 /* Resources */,
			);
			buildRules = (
			);
			dependencies = (
			);
			name = TweakAccessorGeneratorTests;
			productName = TweakAccessorGeneratorTests;
			productReference = 12BE964A2626FA5000C1B6C3 /* TweakAccessorGeneratorTests.xctest */;
			productType = "com.apple.product-type.bundle.unit-test";
		};
/* End PBXNativeTarget section */

/* Begin PBXProject section */
		12273D0F2625D6BE00732559 /* Project object */ = {
			isa = PBXProject;
			attributes = {
				LastSwiftUpdateCheck = 1240;
				LastUpgradeCheck = 1240;
				TargetAttributes = {
					12273D162625D6BE00732559 = {
						CreatedOnToolsVersion = 12.4;
					};
					12BE96492626FA5000C1B6C3 = {
						CreatedOnToolsVersion = 12.4;
					};
				};
			};
			buildConfigurationList = 12273D122625D6BE00732559 /* Build configuration list for PBXProject "TweakAccessorGenerator" */;
			compatibilityVersion = "Xcode 9.3";
			developmentRegion = en;
			hasScannedForEncodings = 0;
			knownRegions = (
				en,
				Base,
			);
			mainGroup = 12273D0E2625D6BE00732559;
			packageReferences = (
				12273D362625E45F00732559 /* XCRemoteSwiftPackageReference "swift-argument-parser" */,
			);
			productRefGroup = 12273D182625D6BE00732559 /* Products */;
			projectDirPath = "";
			projectRoot = "";
			targets = (
				12273D162625D6BE00732559 /* TweakAccessorGenerator */,
				12BE96492626FA5000C1B6C3 /* TweakAccessorGeneratorTests */,
			);
		};
/* End PBXProject section */

/* Begin PBXResourcesBuildPhase section */
		12BE96482626FA5000C1B6C3 /* Resources */ = {
			isa = PBXResourcesBuildPhase;
			buildActionMask = 2147483647;
			files = (
				120B0A1E26285CE70066F2C2 /* GeneratedTweakAccessor+ConstantsContent in Resources */,
				4FD526FE26283F91000F6780 /* InvalidTweaks_InvalidJSON.json in Resources */,
				4FD526F826283EBB000F6780 /* InvalidTweaks_DuplicateGeneratedPropertyName.json in Resources */,
				4F7750C126277B6300A0A3F5 /* InvalidTweaks_MissingValues.json in Resources */,
				4F3F85E426400B6D00A7B8B8 /* GeneratedTweakAccessorContent in Resources */,
				12BE987A2627243D00C1B6C3 /* Tweaks.json in Resources */,
				4F65E88C2629CF8C009E8C3B /* ValidTweaks_LowPriority.json in Resources */,
				4F65E88B2629CF8C009E8C3B /* ValidTweaks_TopPriority.json in Resources */,
				4F86DC6E26CBE01400DEC81C /* UnitTests.xctestplan in Resources */,
			);
			runOnlyForDeploymentPostprocessing = 0;
		};
/* End PBXResourcesBuildPhase section */

/* Begin PBXSourcesBuildPhase section */
		12273D132625D6BE00732559 /* Sources */ = {
			isa = PBXSourcesBuildPhase;
			buildActionMask = 2147483647;
			files = (
				4F7750762627338700A0A3F5 /* TweakValue.swift in Sources */,
				4F7750782627338700A0A3F5 /* TweakLoader.swift in Sources */,
				4F77509C262751FD00A0A3F5 /* Types.swift in Sources */,
				12273D1B2625D6BE00732559 /* main.swift in Sources */,
				4FD52706262841C7000F6780 /* Array+Duplicates.swift in Sources */,
				4F77507A2627338700A0A3F5 /* TweakAccessorCodeGenerator.swift in Sources */,
				4F775097262751EE00A0A3F5 /* Models.swift in Sources */,
				4F7750882627338E00A0A3F5 /* String+Casing.swift in Sources */,
				4F7750862627338E00A0A3F5 /* NSNumber+ValueTypes.swift in Sources */,
			);
			runOnlyForDeploymentPostprocessing = 0;
		};
		12BE96462626FA5000C1B6C3 /* Sources */ = {
			isa = PBXSourcesBuildPhase;
			buildActionMask = 2147483647;
			files = (
				4FD52711262843B6000F6780 /* Array+Duplicates.swift in Sources */,
				4F7750772627338700A0A3F5 /* TweakValue.swift in Sources */,
				4FD5270C262842B3000F6780 /* Array+DuplicatesTests.swift in Sources */,
				4F7750792627338700A0A3F5 /* TweakLoader.swift in Sources */,
				4F77509D262751FD00A0A3F5 /* Types.swift in Sources */,
				4F7750B32627626100A0A3F5 /* String+CasingTests.swift in Sources */,
				4F7750AA2627603A00A0A3F5 /* NSNumber+ValueTypesTests.swift in Sources */,
				12BE964D2626FA5000C1B6C3 /* TweakAccessorCodeGeneratorTests.swift in Sources */,
				4F77507B2627338700A0A3F5 /* TweakAccessorCodeGenerator.swift in Sources */,
				4F775098262751EE00A0A3F5 /* Models.swift in Sources */,
				4F7750892627338E00A0A3F5 /* String+Casing.swift in Sources */,
				4F7750872627338E00A0A3F5 /* NSNumber+ValueTypes.swift in Sources */,
				4F7750B9262764C600A0A3F5 /* TweakLoaderTests.swift in Sources */,
			);
			runOnlyForDeploymentPostprocessing = 0;
		};
/* End PBXSourcesBuildPhase section */

/* Begin XCBuildConfiguration section */
		12273D1C2625D6BE00732559 /* Debug */ = {
			isa = XCBuildConfiguration;
			buildSettings = {
				ALWAYS_SEARCH_USER_PATHS = NO;
				CLANG_ANALYZER_NONNULL = YES;
				CLANG_ANALYZER_NUMBER_OBJECT_CONVERSION = YES_AGGRESSIVE;
				CLANG_CXX_LANGUAGE_STANDARD = "gnu++14";
				CLANG_CXX_LIBRARY = "libc++";
				CLANG_ENABLE_MODULES = YES;
				CLANG_ENABLE_OBJC_ARC = YES;
				CLANG_ENABLE_OBJC_WEAK = YES;
				CLANG_WARN_BLOCK_CAPTURE_AUTORELEASING = YES;
				CLANG_WARN_BOOL_CONVERSION = YES;
				CLANG_WARN_COMMA = YES;
				CLANG_WARN_CONSTANT_CONVERSION = YES;
				CLANG_WARN_DEPRECATED_OBJC_IMPLEMENTATIONS = YES;
				CLANG_WARN_DIRECT_OBJC_ISA_USAGE = YES_ERROR;
				CLANG_WARN_DOCUMENTATION_COMMENTS = YES;
				CLANG_WARN_EMPTY_BODY = YES;
				CLANG_WARN_ENUM_CONVERSION = YES;
				CLANG_WARN_INFINITE_RECURSION = YES;
				CLANG_WARN_INT_CONVERSION = YES;
				CLANG_WARN_NON_LITERAL_NULL_CONVERSION = YES;
				CLANG_WARN_OBJC_IMPLICIT_RETAIN_SELF = YES;
				CLANG_WARN_OBJC_LITERAL_CONVERSION = YES;
				CLANG_WARN_OBJC_ROOT_CLASS = YES_ERROR;
				CLANG_WARN_QUOTED_INCLUDE_IN_FRAMEWORK_HEADER = YES;
				CLANG_WARN_RANGE_LOOP_ANALYSIS = YES;
				CLANG_WARN_STRICT_PROTOTYPES = YES;
				CLANG_WARN_SUSPICIOUS_MOVE = YES;
				CLANG_WARN_UNGUARDED_AVAILABILITY = YES_AGGRESSIVE;
				CLANG_WARN_UNREACHABLE_CODE = YES;
				CLANG_WARN__DUPLICATE_METHOD_MATCH = YES;
				COPY_PHASE_STRIP = NO;
				DEBUG_INFORMATION_FORMAT = dwarf;
				ENABLE_STRICT_OBJC_MSGSEND = YES;
				ENABLE_TESTABILITY = YES;
				GCC_C_LANGUAGE_STANDARD = gnu11;
				GCC_DYNAMIC_NO_PIC = NO;
				GCC_NO_COMMON_BLOCKS = YES;
				GCC_OPTIMIZATION_LEVEL = 0;
				GCC_PREPROCESSOR_DEFINITIONS = (
					"DEBUG=1",
					"$(inherited)",
				);
				GCC_WARN_64_TO_32_BIT_CONVERSION = YES;
				GCC_WARN_ABOUT_RETURN_TYPE = YES_ERROR;
				GCC_WARN_UNDECLARED_SELECTOR = YES;
				GCC_WARN_UNINITIALIZED_AUTOS = YES_AGGRESSIVE;
				GCC_WARN_UNUSED_FUNCTION = YES;
				GCC_WARN_UNUSED_VARIABLE = YES;
				MTL_ENABLE_DEBUG_INFO = INCLUDE_SOURCE;
				MTL_FAST_MATH = YES;
				ONLY_ACTIVE_ARCH = YES;
				SDKROOT = macosx;
				SWIFT_ACTIVE_COMPILATION_CONDITIONS = DEBUG;
				SWIFT_OPTIMIZATION_LEVEL = "-Onone";
			};
			name = Debug;
		};
		12273D1D2625D6BE00732559 /* Release */ = {
			isa = XCBuildConfiguration;
			buildSettings = {
				ALWAYS_SEARCH_USER_PATHS = NO;
				CLANG_ANALYZER_NONNULL = YES;
				CLANG_ANALYZER_NUMBER_OBJECT_CONVERSION = YES_AGGRESSIVE;
				CLANG_CXX_LANGUAGE_STANDARD = "gnu++14";
				CLANG_CXX_LIBRARY = "libc++";
				CLANG_ENABLE_MODULES = YES;
				CLANG_ENABLE_OBJC_ARC = YES;
				CLANG_ENABLE_OBJC_WEAK = YES;
				CLANG_WARN_BLOCK_CAPTURE_AUTORELEASING = YES;
				CLANG_WARN_BOOL_CONVERSION = YES;
				CLANG_WARN_COMMA = YES;
				CLANG_WARN_CONSTANT_CONVERSION = YES;
				CLANG_WARN_DEPRECATED_OBJC_IMPLEMENTATIONS = YES;
				CLANG_WARN_DIRECT_OBJC_ISA_USAGE = YES_ERROR;
				CLANG_WARN_DOCUMENTATION_COMMENTS = YES;
				CLANG_WARN_EMPTY_BODY = YES;
				CLANG_WARN_ENUM_CONVERSION = YES;
				CLANG_WARN_INFINITE_RECURSION = YES;
				CLANG_WARN_INT_CONVERSION = YES;
				CLANG_WARN_NON_LITERAL_NULL_CONVERSION = YES;
				CLANG_WARN_OBJC_IMPLICIT_RETAIN_SELF = YES;
				CLANG_WARN_OBJC_LITERAL_CONVERSION = YES;
				CLANG_WARN_OBJC_ROOT_CLASS = YES_ERROR;
				CLANG_WARN_QUOTED_INCLUDE_IN_FRAMEWORK_HEADER = YES;
				CLANG_WARN_RANGE_LOOP_ANALYSIS = YES;
				CLANG_WARN_STRICT_PROTOTYPES = YES;
				CLANG_WARN_SUSPICIOUS_MOVE = YES;
				CLANG_WARN_UNGUARDED_AVAILABILITY = YES_AGGRESSIVE;
				CLANG_WARN_UNREACHABLE_CODE = YES;
				CLANG_WARN__DUPLICATE_METHOD_MATCH = YES;
				COPY_PHASE_STRIP = NO;
				DEBUG_INFORMATION_FORMAT = "dwarf-with-dsym";
				ENABLE_NS_ASSERTIONS = NO;
				ENABLE_STRICT_OBJC_MSGSEND = YES;
				GCC_C_LANGUAGE_STANDARD = gnu11;
				GCC_NO_COMMON_BLOCKS = YES;
				GCC_WARN_64_TO_32_BIT_CONVERSION = YES;
				GCC_WARN_ABOUT_RETURN_TYPE = YES_ERROR;
				GCC_WARN_UNDECLARED_SELECTOR = YES;
				GCC_WARN_UNINITIALIZED_AUTOS = YES_AGGRESSIVE;
				GCC_WARN_UNUSED_FUNCTION = YES;
				GCC_WARN_UNUSED_VARIABLE = YES;
				MTL_ENABLE_DEBUG_INFO = NO;
				MTL_FAST_MATH = YES;
				SDKROOT = macosx;
				SWIFT_COMPILATION_MODE = wholemodule;
				SWIFT_OPTIMIZATION_LEVEL = "-O";
			};
			name = Release;
		};
		12273D1F2625D6BE00732559 /* Debug */ = {
			isa = XCBuildConfiguration;
			buildSettings = {
				CODE_SIGN_IDENTITY = "-";
				CODE_SIGN_STYLE = Automatic;
				DEVELOPMENT_TEAM = "";
				ENABLE_HARDENED_RUNTIME = YES;
				PRODUCT_NAME = "$(TARGET_NAME)";
				SWIFT_VERSION = 5.0;
			};
			name = Debug;
		};
		12273D202625D6BE00732559 /* Release */ = {
			isa = XCBuildConfiguration;
			buildSettings = {
				CODE_SIGN_IDENTITY = "-";
				CODE_SIGN_STYLE = Automatic;
				DEVELOPMENT_TEAM = "";
				ENABLE_HARDENED_RUNTIME = YES;
				PRODUCT_NAME = "$(TARGET_NAME)";
				SWIFT_VERSION = 5.0;
			};
			name = Release;
		};
		12BE964F2626FA5000C1B6C3 /* Debug */ = {
			isa = XCBuildConfiguration;
			buildSettings = {
				CODE_SIGN_IDENTITY = "-";
				CODE_SIGN_STYLE = Automatic;
				COMBINE_HIDPI_IMAGES = YES;
				DEVELOPMENT_TEAM = "";
				INFOPLIST_FILE = TweakAccessorGeneratorTests/Info.plist;
				LD_RUNPATH_SEARCH_PATHS = (
					"$(inherited)",
					"@executable_path/../Frameworks",
					"@loader_path/../Frameworks",
				);
				MACOSX_DEPLOYMENT_TARGET = 11.5;
				PRODUCT_BUNDLE_IDENTIFIER = com.justeattakeaway.TweakAccessorGeneratorTests;
				PRODUCT_NAME = "$(TARGET_NAME)";
				SWIFT_VERSION = 5.0;
			};
			name = Debug;
		};
		12BE96502626FA5000C1B6C3 /* Release */ = {
			isa = XCBuildConfiguration;
			buildSettings = {
				CODE_SIGN_IDENTITY = "-";
				CODE_SIGN_STYLE = Automatic;
				COMBINE_HIDPI_IMAGES = YES;
				DEVELOPMENT_TEAM = "";
				INFOPLIST_FILE = TweakAccessorGeneratorTests/Info.plist;
				LD_RUNPATH_SEARCH_PATHS = (
					"$(inherited)",
					"@executable_path/../Frameworks",
					"@loader_path/../Frameworks",
				);
				MACOSX_DEPLOYMENT_TARGET = 11.5;
				PRODUCT_BUNDLE_IDENTIFIER = com.justeattakeaway.TweakAccessorGeneratorTests;
				PRODUCT_NAME = "$(TARGET_NAME)";
				SWIFT_VERSION = 5.0;
			};
			name = Release;
		};
/* End XCBuildConfiguration section */

/* Begin XCConfigurationList section */
		12273D122625D6BE00732559 /* Build configuration list for PBXProject "TweakAccessorGenerator" */ = {
			isa = XCConfigurationList;
			buildConfigurations = (
				12273D1C2625D6BE00732559 /* Debug */,
				12273D1D2625D6BE00732559 /* Release */,
			);
			defaultConfigurationIsVisible = 0;
			defaultConfigurationName = Release;
		};
		12273D1E2625D6BE00732559 /* Build configuration list for PBXNativeTarget "TweakAccessorGenerator" */ = {
			isa = XCConfigurationList;
			buildConfigurations = (
				12273D1F2625D6BE00732559 /* Debug */,
				12273D202625D6BE00732559 /* Release */,
			);
			defaultConfigurationIsVisible = 0;
			defaultConfigurationName = Release;
		};
		12BE96512626FA5000C1B6C3 /* Build configuration list for PBXNativeTarget "TweakAccessorGeneratorTests" */ = {
			isa = XCConfigurationList;
			buildConfigurations = (
				12BE964F2626FA5000C1B6C3 /* Debug */,
				12BE96502626FA5000C1B6C3 /* Release */,
			);
			defaultConfigurationIsVisible = 0;
			defaultConfigurationName = Release;
		};
/* End XCConfigurationList section */

/* Begin XCRemoteSwiftPackageReference section */
		12273D362625E45F00732559 /* XCRemoteSwiftPackageReference "swift-argument-parser" */ = {
			isa = XCRemoteSwiftPackageReference;
			repositoryURL = "https://github.com/apple/swift-argument-parser.git";
			requirement = {
				kind = upToNextMajorVersion;
				minimumVersion = 0.4.1;
			};
		};
/* End XCRemoteSwiftPackageReference section */

/* Begin XCSwiftPackageProductDependency section */
		12273D372625E45F00732559 /* ArgumentParser */ = {
			isa = XCSwiftPackageProductDependency;
			package = 12273D362625E45F00732559 /* XCRemoteSwiftPackageReference "swift-argument-parser" */;
			productName = ArgumentParser;
		};
/* End XCSwiftPackageProductDependency section */
	};
	rootObject = 12273D0F2625D6BE00732559 /* Project object */;
}
